
Microsoft Visual Studio Solution File, Format Version 12.00
# Visual Studio 15
VisualStudioVersion = 15.0.28307.1433
MinimumVisualStudioVersion = 10.0.40219.1
Project("{FAE04EC0-301F-11D3-BF4B-00C04F79EFBC}") = "WpfApp1", "WpfApp1\WpfApp1.csproj", "{C425BEBF-5624-4BA6-A0DA-1E99C11C7943}"
EndProject
Project("{FAE04EC0-301F-11D3-BF4B-00C04F79EFBC}") = "ClassLibrary1", "ClassLibrary1\ClassLibrary1.csproj", "{B92725F8-CB6E-4BEE-A114-8056F2368CEE}"
EndProject
Global
	GlobalSection(SolutionConfigurationPlatforms) = preSolution
		Debug|Any CPU = Debug|Any CPU
		Release|Any CPU = Release|Any CPU
	EndGlobalSection
	GlobalSection(ProjectConfigurationPlatforms) = postSolution
		{C425BEBF-5624-4BA6-A0DA-1E99C11C7943}.Debug|Any CPU.ActiveCfg = Debug|Any CPU
		{C425BEBF-5624-4BA6-A0DA-1E99C11C7943}.Debug|Any CPU.Build.0 = Debug|Any CPU
		{C425BEBF-5624-4BA6-A0DA-1E99C11C7943}.Release|Any CPU.ActiveCfg = Release|Any CPU
		{C425BEBF-5624-4BA6-A0DA-1E99C11C7943}.Release|Any CPU.Build.0 = Release|Any CPU
		{B92725F8-CB6E-4BEE-A114-8056F2368CEE}.Debug|Any CPU.ActiveCfg = Debug|Any CPU
		{B92725F8-CB6E-4BEE-A114-8056F2368CEE}.Debug|Any CPU.Build.0 = Debug|Any CPU
		{B92725F8-CB6E-4BEE-A114-8056F2368CEE}.Release|Any CPU.ActiveCfg = Release|Any CPU
		{B92725F8-CB6E-4BEE-A114-8056F2368CEE}.Release|Any CPU.Build.0 = Release|Any CPU
	EndGlobalSection
	GlobalSection(SolutionProperties) = preSolution
		HideSolutionNode = FALSE
	EndGlobalSection
	GlobalSection(ExtensibilityGlobals) = postSolution
		SolutionGuid = {4C2D42C2-60E4-4359-B839-6253D4EA15EF}
	EndGlobalSection
EndGlobal
